
Microsoft Visual Studio Solution File, Format Version 12.00
# Visual Studio Version 17
VisualStudioVersion = 17.7.34024.191
MinimumVisualStudioVersion = 10.0.40219.1
Project("{FAE04EC0-301F-11D3-BF4B-00C04F79EFBC}") = "outilmonnaie", "outilmonnaie.csproj", "{AFA362B9-BB65-48D4-8DB6-907D8716365E}"
EndProject
Global
	GlobalSection(SolutionConfigurationPlatforms) = preSolution
		Debug|Any CPU = Debug|Any CPU
		Release|Any CPU = Release|Any CPU
	EndGlobalSection
	GlobalSection(ProjectConfigurationPlatforms) = postSolution
		{AFA362B9-BB65-48D4-8DB6-907D8716365E}.Debug|Any CPU.ActiveCfg = Debug|Any CPU
		{AFA362B9-BB65-48D4-8DB6-907D8716365E}.Debug|Any CPU.Build.0 = Debug|Any CPU
		{AFA362B9-BB65-48D4-8DB6-907D8716365E}.Release|Any CPU.ActiveCfg = Release|Any CPU
		{AFA362B9-BB65-48D4-8DB6-907D8716365E}.Release|Any CPU.Build.0 = Release|Any CPU
	EndGlobalSection
	GlobalSection(SolutionProperties) = preSolution
		HideSolutionNode = FALSE
	EndGlobalSection
	GlobalSection(ExtensibilityGlobals) = postSolution
		SolutionGuid = {1F6B9A56-DFF4-42FD-86E7-E1891587CF43}
	EndGlobalSection
EndGlobal
